// !$*UTF8*$!
{
	archiveVersion = 1;
	classes = {
	};
	objectVersion = 56;
	objects = {

/* Begin PBXBuildFile section */
		48894BB92D56442200C52BD3 /* AppDelegate.swift in Sources */ = {isa = PBXBuildFile; fileRef = 48894BB82D56442200C52BD3 /* AppDelegate.swift */; };
		48894BBB2D56442200C52BD3 /* SceneDelegate.swift in Sources */ = {isa = PBXBuildFile; fileRef = 48894BBA2D56442200C52BD3 /* SceneDelegate.swift */; };
		48894BC22D56442300C52BD3 /* Assets.xcassets in Resources */ = {isa = PBXBuildFile; fileRef = 48894BC12D56442300C52BD3 /* Assets.xcassets */; };
		48894BC52D56442300C52BD3 /* Base in Resources */ = {isa = PBXBuildFile; fileRef = 48894BC42D56442300C52BD3 /* Base */; };
		48894BF42D567A8200C52BD3 /* HomeViewController.swift in Sources */ = {isa = PBXBuildFile; fileRef = 48894BF32D567A8200C52BD3 /* HomeViewController.swift */; };
		48894BF62D567D5C00C52BD3 /* ProfileViewController.swift in Sources */ = {isa = PBXBuildFile; fileRef = 48894BF52D567D5C00C52BD3 /* ProfileViewController.swift */; };
		48894C722D58158E00C52BD3 /* Repo.swift in Sources */ = {isa = PBXBuildFile; fileRef = 48894C712D58158E00C52BD3 /* Repo.swift */; };
		48894C762D593A9100C52BD3 /* RepositoryCell.swift in Sources */ = {isa = PBXBuildFile; fileRef = 48894C752D593A9100C52BD3 /* RepositoryCell.swift */; };
		48894C7A2D5A55EC00C52BD3 /* User.swift in Sources */ = {isa = PBXBuildFile; fileRef = 48894C792D5A55EC00C52BD3 /* User.swift */; };
/* End PBXBuildFile section */

/* Begin PBXFileReference section */
		48894BB52D56442200C52BD3 /* Agile Content Test.app */ = {isa = PBXFileReference; explicitFileType = wrapper.application; includeInIndex = 0; path = "Agile Content Test.app"; sourceTree = BUILT_PRODUCTS_DIR; };
		48894BB82D56442200C52BD3 /* AppDelegate.swift */ = {isa = PBXFileReference; lastKnownFileType = sourcecode.swift; path = AppDelegate.swift; sourceTree = "<group>"; };
		48894BBA2D56442200C52BD3 /* SceneDelegate.swift */ = {isa = PBXFileReference; lastKnownFileType = sourcecode.swift; path = SceneDelegate.swift; sourceTree = "<group>"; };
		48894BC12D56442300C52BD3 /* Assets.xcassets */ = {isa = PBXFileReference; lastKnownFileType = folder.assetcatalog; path = Assets.xcassets; sourceTree = "<group>"; };
		48894BC42D56442300C52BD3 /* Base */ = {isa = PBXFileReference; lastKnownFileType = file.storyboard; name = Base; path = Base.lproj/LaunchScreen.storyboard; sourceTree = "<group>"; };
		48894BC62D56442300C52BD3 /* Info.plist */ = {isa = PBXFileReference; lastKnownFileType = text.plist.xml; path = Info.plist; sourceTree = "<group>"; };
		48894BF32D567A8200C52BD3 /* HomeViewController.swift */ = {isa = PBXFileReference; lastKnownFileType = sourcecode.swift; path = HomeViewController.swift; sourceTree = "<group>"; };
		48894BF52D567D5C00C52BD3 /* ProfileViewController.swift */ = {isa = PBXFileReference; lastKnownFileType = sourcecode.swift; path = ProfileViewController.swift; sourceTree = "<group>"; };
		48894C712D58158E00C52BD3 /* Repo.swift */ = {isa = PBXFileReference; lastKnownFileType = sourcecode.swift; path = Repo.swift; sourceTree = "<group>"; };
		48894C752D593A9100C52BD3 /* RepositoryCell.swift */ = {isa = PBXFileReference; lastKnownFileType = sourcecode.swift; path = RepositoryCell.swift; sourceTree = "<group>"; };
		48894C792D5A55EC00C52BD3 /* User.swift */ = {isa = PBXFileReference; lastKnownFileType = sourcecode.swift; path = User.swift; sourceTree = "<group>"; };
/* End PBXFileReference section */

/* Begin PBXFrameworksBuildPhase section */
		48894BB22D56442200C52BD3 /* Frameworks */ = {
			isa = PBXFrameworksBuildPhase;
			buildActionMask = 2147483647;
			files = (
			);
			runOnlyForDeploymentPostprocessing = 0;
		};
/* End PBXFrameworksBuildPhase section */

/* Begin PBXGroup section */
		48894BAC2D56442200C52BD3 = {
			isa = PBXGroup;
			children = (
				48894BB72D56442200C52BD3 /* Agile Content Test */,
				48894BB62D56442200C52BD3 /* Products */,
			);
			sourceTree = "<group>";
		};
		48894BB62D56442200C52BD3 /* Products */ = {
			isa = PBXGroup;
			children = (
				48894BB52D56442200C52BD3 /* Agile Content Test.app */,
			);
			name = Products;
			sourceTree = "<group>";
		};
		48894BB72D56442200C52BD3 /* Agile Content Test */ = {
			isa = PBXGroup;
			children = (
				48894C7E2D5A5AA000C52BD3 /* App */,
				48894C7B2D5A59B100C52BD3 /* Model */,
				48894C7D2D5A59DB00C52BD3 /* View */,
				48894C7C2D5A59D000C52BD3 /* ViewController */,
				48894BC12D56442300C52BD3 /* Assets.xcassets */,
				48894BC32D56442300C52BD3 /* LaunchScreen.storyboard */,
				48894BC62D56442300C52BD3 /* Info.plist */,
			);
			path = "Agile Content Test";
			sourceTree = "<group>";
		};
		48894C7B2D5A59B100C52BD3 /* Model */ = {
			isa = PBXGroup;
			children = (
				48894C712D58158E00C52BD3 /* Repo.swift */,
				48894C792D5A55EC00C52BD3 /* User.swift */,
			);
			path = Model;
			sourceTree = "<group>";
		};
		48894C7C2D5A59D000C52BD3 /* ViewController */ = {
			isa = PBXGroup;
			children = (
				48894BF32D567A8200C52BD3 /* HomeViewController.swift */,
				48894BF52D567D5C00C52BD3 /* ProfileViewController.swift */,
			);
			path = ViewController;
			sourceTree = "<group>";
		};
		48894C7D2D5A59DB00C52BD3 /* View */ = {
			isa = PBXGroup;
			children = (
				48894C752D593A9100C52BD3 /* RepositoryCell.swift */,
			);
			path = View;
			sourceTree = "<group>";
		};
		48894C7E2D5A5AA000C52BD3 /* App */ = {
			isa = PBXGroup;
			children = (
				48894BB82D56442200C52BD3 /* AppDelegate.swift */,
				48894BBA2D56442200C52BD3 /* SceneDelegate.swift */,
			);
			path = App;
			sourceTree = "<group>";
		};
/* End PBXGroup section */

/* Begin PBXNativeTarget section */
		48894BB42D56442200C52BD3 /* Agile Content Test */ = {
			isa = PBXNativeTarget;
			buildConfigurationList = 48894BC92D56442300C52BD3 /* Build configuration list for PBXNativeTarget "Agile Content Test" */;
			buildPhases = (
				48894BB12D56442200C52BD3 /* Sources */,
				48894BB22D56442200C52BD3 /* Frameworks */,
				48894BB32D56442200C52BD3 /* Resources */,
			);
			buildRules = (
			);
			dependencies = (
			);
			name = "Agile Content Test";
			productName = "Agile Content Test";
			productReference = 48894BB52D56442200C52BD3 /* Agile Content Test.app */;
			productType = "com.apple.product-type.application";
		};
/* End PBXNativeTarget section */

/* Begin PBXProject section */
		48894BAD2D56442200C52BD3 /* Project object */ = {
			isa = PBXProject;
			attributes = {
				BuildIndependentTargetsInParallel = 1;
				LastSwiftUpdateCheck = 1540;
				LastUpgradeCheck = 1540;
				TargetAttributes = {
					48894BB42D56442200C52BD3 = {
						CreatedOnToolsVersion = 15.4;
					};
				};
			};
			buildConfigurationList = 48894BB02D56442200C52BD3 /* Build configuration list for PBXProject "Agile Content Test" */;
			compatibilityVersion = "Xcode 14.0";
			developmentRegion = en;
			hasScannedForEncodings = 0;
			knownRegions = (
				en,
				Base,
			);
			mainGroup = 48894BAC2D56442200C52BD3;
			productRefGroup = 48894BB62D56442200C52BD3 /* Products */;
			projectDirPath = "";
			projectRoot = "";
			targets = (
				48894BB42D56442200C52BD3 /* Agile Content Test */,
			);
		};
/* End PBXProject section */

/* Begin PBXResourcesBuildPhase section */
		48894BB32D56442200C52BD3 /* Resources */ = {
			isa = PBXResourcesBuildPhase;
			buildActionMask = 2147483647;
			files = (
				48894BC22D56442300C52BD3 /* Assets.xcassets in Resources */,
				48894BC52D56442300C52BD3 /* Base in Resources */,
			);
			runOnlyForDeploymentPostprocessing = 0;
		};
/* End PBXResourcesBuildPhase section */

/* Begin PBXSourcesBuildPhase section */
		48894BB12D56442200C52BD3 /* Sources */ = {
			isa = PBXSourcesBuildPhase;
			buildActionMask = 2147483647;
			files = (
				48894C762D593A9100C52BD3 /* RepositoryCell.swift in Sources */,
				48894BB92D56442200C52BD3 /* AppDelegate.swift in Sources */,
				48894BF62D567D5C00C52BD3 /* ProfileViewController.swift in Sources */,
				48894C7A2D5A55EC00C52BD3 /* User.swift in Sources */,
				48894C722D58158E00C52BD3 /* Repo.swift in Sources */,
				48894BBB2D56442200C52BD3 /* SceneDelegate.swift in Sources */,
				48894BF42D567A8200C52BD3 /* HomeViewController.swift in Sources */,
			);
			runOnlyForDeploymentPostprocessing = 0;
		};
/* End PBXSourcesBuildPhase section */

/* Begin PBXVariantGroup section */
		48894BC32D56442300C52BD3 /* LaunchScreen.storyboard */ = {
			isa = PBXVariantGroup;
			children = (
				48894BC42D56442300C52BD3 /* Base */,
			);
			name = LaunchScreen.storyboard;
			sourceTree = "<group>";
		};
/* End PBXVariantGroup section */

/* Begin XCBuildConfiguration section */
		48894BC72D56442300C52BD3 /* Debug */ = {
			isa = XCBuildConfiguration;
			buildSettings = {
				ALWAYS_SEARCH_USER_PATHS = NO;
				ASSETCATALOG_COMPILER_GENERATE_SWIFT_ASSET_SYMBOL_EXTENSIONS = YES;
				CLANG_ANALYZER_NONNULL = YES;
				CLANG_ANALYZER_NUMBER_OBJECT_CONVERSION = YES_AGGRESSIVE;
				CLANG_CXX_LANGUAGE_STANDARD = "gnu++20";
				CLANG_ENABLE_MODULES = YES;
				CLANG_ENABLE_OBJC_ARC = YES;
				CLANG_ENABLE_OBJC_WEAK = YES;
				CLANG_WARN_BLOCK_CAPTURE_AUTORELEASING = YES;
				CLANG_WARN_BOOL_CONVERSION = YES;
				CLANG_WARN_COMMA = YES;
				CLANG_WARN_CONSTANT_CONVERSION = YES;
				CLANG_WARN_DEPRECATED_OBJC_IMPLEMENTATIONS = YES;
				CLANG_WARN_DIRECT_OBJC_ISA_USAGE = YES_ERROR;
				CLANG_WARN_DOCUMENTATION_COMMENTS = YES;
				CLANG_WARN_EMPTY_BODY = YES;
				CLANG_WARN_ENUM_CONVERSION = YES;
				CLANG_WARN_INFINITE_RECURSION = YES;
				CLANG_WARN_INT_CONVERSION = YES;
				CLANG_WARN_NON_LITERAL_NULL_CONVERSION = YES;
				CLANG_WARN_OBJC_IMPLICIT_RETAIN_SELF = YES;
				CLANG_WARN_OBJC_LITERAL_CONVERSION = YES;
				CLANG_WARN_OBJC_ROOT_CLASS = YES_ERROR;
				CLANG_WARN_QUOTED_INCLUDE_IN_FRAMEWORK_HEADER = YES;
				CLANG_WARN_RANGE_LOOP_ANALYSIS = YES;
				CLANG_WARN_STRICT_PROTOTYPES = YES;
				CLANG_WARN_SUSPICIOUS_MOVE = YES;
				CLANG_WARN_UNGUARDED_AVAILABILITY = YES_AGGRESSIVE;
				CLANG_WARN_UNREACHABLE_CODE = YES;
				CLANG_WARN__DUPLICATE_METHOD_MATCH = YES;
				COPY_PHASE_STRIP = NO;
				DEBUG_INFORMATION_FORMAT = dwarf;
				ENABLE_STRICT_OBJC_MSGSEND = YES;
				ENABLE_TESTABILITY = YES;
				ENABLE_USER_SCRIPT_SANDBOXING = YES;
				GCC_C_LANGUAGE_STANDARD = gnu17;
				GCC_DYNAMIC_NO_PIC = NO;
				GCC_NO_COMMON_BLOCKS = YES;
				GCC_OPTIMIZATION_LEVEL = 0;
				GCC_PREPROCESSOR_DEFINITIONS = (
					"DEBUG=1",
					"$(inherited)",
				);
				GCC_WARN_64_TO_32_BIT_CONVERSION = YES;
				GCC_WARN_ABOUT_RETURN_TYPE = YES_ERROR;
				GCC_WARN_UNDECLARED_SELECTOR = YES;
				GCC_WARN_UNINITIALIZED_AUTOS = YES_AGGRESSIVE;
				GCC_WARN_UNUSED_FUNCTION = YES;
				GCC_WARN_UNUSED_VARIABLE = YES;
				IPHONEOS_DEPLOYMENT_TARGET = 17.5;
				LOCALIZATION_PREFERS_STRING_CATALOGS = YES;
				MTL_ENABLE_DEBUG_INFO = INCLUDE_SOURCE;
				MTL_FAST_MATH = YES;
				ONLY_ACTIVE_ARCH = YES;
				SDKROOT = iphoneos;
				SWIFT_ACTIVE_COMPILATION_CONDITIONS = "DEBUG $(inherited)";
				SWIFT_OPTIMIZATION_LEVEL = "-Onone";
			};
			name = Debug;
		};
		48894BC82D56442300C52BD3 /* Release */ = {
			isa = XCBuildConfiguration;
			buildSettings = {
				ALWAYS_SEARCH_USER_PATHS = NO;
				ASSETCATALOG_COMPILER_GENERATE_SWIFT_ASSET_SYMBOL_EXTENSIONS = YES;
				CLANG_ANALYZER_NONNULL = YES;
				CLANG_ANALYZER_NUMBER_OBJECT_CONVERSION = YES_AGGRESSIVE;
				CLANG_CXX_LANGUAGE_STANDARD = "gnu++20";
				CLANG_ENABLE_MODULES = YES;
				CLANG_ENABLE_OBJC_ARC = YES;
				CLANG_ENABLE_OBJC_WEAK = YES;
				CLANG_WARN_BLOCK_CAPTURE_AUTORELEASING = YES;
				CLANG_WARN_BOOL_CONVERSION = YES;
				CLANG_WARN_COMMA = YES;
				CLANG_WARN_CONSTANT_CONVERSION = YES;
				CLANG_WARN_DEPRECATED_OBJC_IMPLEMENTATIONS = YES;
				CLANG_WARN_DIRECT_OBJC_ISA_USAGE = YES_ERROR;
				CLANG_WARN_DOCUMENTATION_COMMENTS = YES;
				CLANG_WARN_EMPTY_BODY = YES;
				CLANG_WARN_ENUM_CONVERSION = YES;
				CLANG_WARN_INFINITE_RECURSION = YES;
				CLANG_WARN_INT_CONVERSION = YES;
				CLANG_WARN_NON_LITERAL_NULL_CONVERSION = YES;
				CLANG_WARN_OBJC_IMPLICIT_RETAIN_SELF = YES;
				CLANG_WARN_OBJC_LITERAL_CONVERSION = YES;
				CLANG_WARN_OBJC_ROOT_CLASS = YES_ERROR;
				CLANG_WARN_QUOTED_INCLUDE_IN_FRAMEWORK_HEADER = YES;
				CLANG_WARN_RANGE_LOOP_ANALYSIS = YES;
				CLANG_WARN_STRICT_PROTOTYPES = YES;
				CLANG_WARN_SUSPICIOUS_MOVE = YES;
				CLANG_WARN_UNGUARDED_AVAILABILITY = YES_AGGRESSIVE;
				CLANG_WARN_UNREACHABLE_CODE = YES;
				CLANG_WARN__DUPLICATE_METHOD_MATCH = YES;
				COPY_PHASE_STRIP = NO;
				DEBUG_INFORMATION_FORMAT = "dwarf-with-dsym";
				ENABLE_NS_ASSERTIONS = NO;
				ENABLE_STRICT_OBJC_MSGSEND = YES;
				ENABLE_USER_SCRIPT_SANDBOXING = YES;
				GCC_C_LANGUAGE_STANDARD = gnu17;
				GCC_NO_COMMON_BLOCKS = YES;
				GCC_WARN_64_TO_32_BIT_CONVERSION = YES;
				GCC_WARN_ABOUT_RETURN_TYPE = YES_ERROR;
				GCC_WARN_UNDECLARED_SELECTOR = YES;
				GCC_WARN_UNINITIALIZED_AUTOS = YES_AGGRESSIVE;
				GCC_WARN_UNUSED_FUNCTION = YES;
				GCC_WARN_UNUSED_VARIABLE = YES;
				IPHONEOS_DEPLOYMENT_TARGET = 17.5;
				LOCALIZATION_PREFERS_STRING_CATALOGS = YES;
				MTL_ENABLE_DEBUG_INFO = NO;
				MTL_FAST_MATH = YES;
				SDKROOT = iphoneos;
				SWIFT_COMPILATION_MODE = wholemodule;
				VALIDATE_PRODUCT = YES;
			};
			name = Release;
		};
		48894BCA2D56442300C52BD3 /* Debug */ = {
			isa = XCBuildConfiguration;
			buildSettings = {
				ASSETCATALOG_COMPILER_APPICON_NAME = AppIcon;
				ASSETCATALOG_COMPILER_GLOBAL_ACCENT_COLOR_NAME = AccentColor;
				CODE_SIGN_STYLE = Automatic;
				CURRENT_PROJECT_VERSION = 1;
				DEVELOPMENT_TEAM = 3G5WB3Z62N;
				GENERATE_INFOPLIST_FILE = YES;
				INFOPLIST_FILE = "Agile Content Test/Info.plist";
				INFOPLIST_KEY_UIApplicationSupportsIndirectInputEvents = YES;
				INFOPLIST_KEY_UILaunchStoryboardName = LaunchScreen;
				INFOPLIST_KEY_UISupportedInterfaceOrientations_iPad = "UIInterfaceOrientationPortrait UIInterfaceOrientationPortraitUpsideDown UIInterfaceOrientationLandscapeLeft UIInterfaceOrientationLandscapeRight";
				INFOPLIST_KEY_UISupportedInterfaceOrientations_iPhone = "UIInterfaceOrientationPortrait UIInterfaceOrientationLandscapeLeft UIInterfaceOrientationLandscapeRight";
				LD_RUNPATH_SEARCH_PATHS = (
					"$(inherited)",
					"@executable_path/Frameworks",
				);
				MARKETING_VERSION = 1.0;
				PRODUCT_BUNDLE_IDENTIFIER = "com.gusdev.Agile-Content-Test";
				PRODUCT_NAME = "$(TARGET_NAME)";
				SWIFT_EMIT_LOC_STRINGS = YES;
				SWIFT_VERSION = 5.0;
				TARGETED_DEVICE_FAMILY = "1,2";
			};
			name = Debug;
		};
		48894BCB2D56442300C52BD3 /* Release */ = {
			isa = XCBuildConfiguration;
			buildSettings = {
				ASSETCATALOG_COMPILER_APPICON_NAME = AppIcon;
				ASSETCATALOG_COMPILER_GLOBAL_ACCENT_COLOR_NAME = AccentColor;
				CODE_SIGN_STYLE = Automatic;
				CURRENT_PROJECT_VERSION = 1;
				DEVELOPMENT_TEAM = 3G5WB3Z62N;
				GENERATE_INFOPLIST_FILE = YES;
				INFOPLIST_FILE = "Agile Content Test/Info.plist";
				INFOPLIST_KEY_UIApplicationSupportsIndirectInputEvents = YES;
				INFOPLIST_KEY_UILaunchStoryboardName = LaunchScreen;
				INFOPLIST_KEY_UISupportedInterfaceOrientations_iPad = "UIInterfaceOrientationPortrait UIInterfaceOrientationPortraitUpsideDown UIInterfaceOrientationLandscapeLeft UIInterfaceOrientationLandscapeRight";
				INFOPLIST_KEY_UISupportedInterfaceOrientations_iPhone = "UIInterfaceOrientationPortrait UIInterfaceOrientationLandscapeLeft UIInterfaceOrientationLandscapeRight";
				LD_RUNPATH_SEARCH_PATHS = (
					"$(inherited)",
					"@executable_path/Frameworks",
				);
				MARKETING_VERSION = 1.0;
				PRODUCT_BUNDLE_IDENTIFIER = "com.gusdev.Agile-Content-Test";
				PRODUCT_NAME = "$(TARGET_NAME)";
				SWIFT_EMIT_LOC_STRINGS = YES;
				SWIFT_VERSION = 5.0;
				TARGETED_DEVICE_FAMILY = "1,2";
			};
			name = Release;
		};
/* End XCBuildConfiguration section */

/* Begin XCConfigurationList section */
		48894BB02D56442200C52BD3 /* Build configuration list for PBXProject "Agile Content Test" */ = {
			isa = XCConfigurationList;
			buildConfigurations = (
				48894BC72D56442300C52BD3 /* Debug */,
				48894BC82D56442300C52BD3 /* Release */,
			);
			defaultConfigurationIsVisible = 0;
			defaultConfigurationName = Release;
		};
		48894BC92D56442300C52BD3 /* Build configuration list for PBXNativeTarget "Agile Content Test" */ = {
			isa = XCConfigurationList;
			buildConfigurations = (
				48894BCA2D56442300C52BD3 /* Debug */,
				48894BCB2D56442300C52BD3 /* Release */,
			);
			defaultConfigurationIsVisible = 0;
			defaultConfigurationName = Release;
		};
/* End XCConfigurationList section */
	};
	rootObject = 48894BAD2D56442200C52BD3 /* Project object */;
}
